<?xml version="1.0" encoding="utf-8"?>
<Project ToolsVersion="4.0" xmlns="http://schemas.microsoft.com/developer/msbuild/2003">
  <ItemGroup>
    <ClInclude Include="Line.h" />
    <ClInclude Include="..\..\RobotSplit\RobotSplit\XmlSaver.h">
      <Filter>Header Files</Filter>
    </ClInclude>
    <ClInclude Include="..\..\RobotSplit\RobotSplit\XmlLoader.h">
      <Filter>Header Files</Filter>
    </ClInclude>
    <ClInclude Include="..\..\RobotSplit\RobotSplit\UnitWrap.h">
      <Filter>Header Files</Filter>
    </ClInclude>
    <ClInclude Include="..\..\RobotSplit\RobotSplit\UnitManager.h">
      <Filter>Header Files</Filter>
    </ClInclude>
    <ClInclude Include="..\..\RobotSplit\RobotSplit\Unit.h">
      <Filter>Header Files</Filter>
    </ClInclude>
    <ClInclude Include="..\..\RobotSplit\RobotSplit\TextureManager.h">
      <Filter>Header Files</Filter>
    </ClInclude>
    <ClInclude Include="..\..\RobotSplit\RobotSplit\PlayerPartHead.h">
      <Filter>Header Files</Filter>
    </ClInclude>
    <ClInclude Include="..\..\RobotSplit\RobotSplit\PlayerPartFeet.h">
      <Filter>Header Files</Filter>
    </ClInclude>
    <ClInclude Include="..\..\RobotSplit\RobotSplit\PlayerPartBody.h">
      <Filter>Header Files</Filter>
    </ClInclude>
    <ClInclude Include="..\..\RobotSplit\RobotSplit\PlayerPart.h">
      <Filter>Header Files</Filter>
    </ClInclude>
    <ClInclude Include="..\..\RobotSplit\RobotSplit\Player.h">
      <Filter>Header Files</Filter>
    </ClInclude>
    <ClInclude Include="..\..\RobotSplit\RobotSplit\Platform.h">
      <Filter>Header Files</Filter>
    </ClInclude>
    <ClInclude Include="..\..\RobotSplit\RobotSplit\Line.h">
      <Filter>Header Files</Filter>
    </ClInclude>
    <ClInclude Include="..\..\RobotSplit\RobotSplit\LevelLoader.h">
      <Filter>Header Files</Filter>
    </ClInclude>
    <ClInclude Include="..\..\RobotSplit\RobotSplit\Level.h">
      <Filter>Header Files</Filter>
    </ClInclude>
    <ClInclude Include="..\..\RobotSplit\RobotSplit\FeetWall.h">
      <Filter>Header Files</Filter>
    </ClInclude>
    <ClInclude Include="..\..\RobotSplit\RobotSplit\GameObject.h">
      <Filter>Header Files</Filter>
    </ClInclude>
    <ClInclude Include="..\..\RobotSplit\RobotSplit\FeetExtensions.h">
      <Filter>Header Files</Filter>
    </ClInclude>
    <ClInclude Include="..\..\RobotSplit\RobotSplit\Collision.h">
      <Filter>Header Files</Filter>
    </ClInclude>
    <ClInclude Include="..\..\RobotSplit\RobotSplit\BrainMagnet.h">
      <Filter>Header Files</Filter>
    </ClInclude>
    <ClInclude Include="..\..\RobotSplit\RobotSplit\Background.h">
      <Filter>Header Files</Filter>
    </ClInclude>
    <ClInclude Include="..\..\RobotSplit\RobotSplit\Animation.h">
      <Filter>Header Files</Filter>
    </ClInclude>
  </ItemGroup>
  <ItemGroup>
    <Filter Include="Header Files">
      <UniqueIdentifier>{f97d1002-5223-4ba1-99f4-201e54f68e05}</UniqueIdentifier>
    </Filter>
    <Filter Include="Source Files">
      <UniqueIdentifier>{90ad63ee-8347-4a8e-86d5-a3473f9d345c}</UniqueIdentifier>
    </Filter>
  </ItemGroup>
  <ItemGroup>
    <ClCompile Include="..\..\RobotSplit\RobotSplit\Animation.cpp">
      <Filter>Source Files</Filter>
    </ClCompile>
    <ClCompile Include="..\..\RobotSplit\RobotSplit\Background.cpp">
      <Filter>Source Files</Filter>
    </ClCompile>
    <ClCompile Include="..\..\RobotSplit\RobotSplit\BrainMagnet.cpp">
      <Filter>Source Files</Filter>
    </ClCompile>
    <ClCompile Include="..\..\RobotSplit\RobotSplit\Collision.cpp">
      <Filter>Source Files</Filter>
    </ClCompile>
    <ClCompile Include="..\..\RobotSplit\RobotSplit\FeetExtensions.cpp">
      <Filter>Source Files</Filter>
    </ClCompile>
    <ClCompile Include="..\..\RobotSplit\RobotSplit\FeetWall.cpp">
      <Filter>Source Files</Filter>
    </ClCompile>
    <ClCompile Include="..\..\RobotSplit\RobotSplit\Level.cpp">
      <Filter>Source Files</Filter>
    </ClCompile>
    <ClCompile Include="..\..\RobotSplit\RobotSplit\LevelLoader.cpp">
      <Filter>Source Files</Filter>
    </ClCompile>
    <ClCompile Include="..\..\RobotSplit\RobotSplit\Line.cpp">
      <Filter>Source Files</Filter>
    </ClCompile>
    <ClCompile Include="..\..\RobotSplit\RobotSplit\Platform.cpp">
      <Filter>Source Files</Filter>
    </ClCompile>
    <ClCompile Include="..\..\RobotSplit\RobotSplit\Player.cpp">
      <Filter>Source Files</Filter>
    </ClCompile>
    <ClCompile Include="..\..\RobotSplit\RobotSplit\PlayerPartBody.cpp">
      <Filter>Source Files</Filter>
    </ClCompile>
    <ClCompile Include="..\..\RobotSplit\RobotSplit\PlayerPartFeet.cpp">
      <Filter>Source Files</Filter>
    </ClCompile>
    <ClCompile Include="..\..\RobotSplit\RobotSplit\PlayerPartHead.cpp">
      <Filter>Source Files</Filter>
    </ClCompile>
    <ClCompile Include="..\..\RobotSplit\RobotSplit\TextureManager.cpp">
      <Filter>Source Files</Filter>
    </ClCompile>
    <ClCompile Include="..\..\RobotSplit\RobotSplit\Unit.cpp">
      <Filter>Source Files</Filter>
    </ClCompile>
    <ClCompile Include="..\..\RobotSplit\RobotSplit\UnitManager.cpp">
      <Filter>Source Files</Filter>
    </ClCompile>
    <ClCompile Include="..\..\RobotSplit\RobotSplit\UnitWrap.cpp">
      <Filter>Source Files</Filter>
    </ClCompile>
    <ClCompile Include="..\..\RobotSplit\RobotSplit\XmlLoader.cpp">
      <Filter>Source Files</Filter>
    </ClCompile>
    <ClCompile Include="..\..\RobotSplit\RobotSplit\XmlSaver.cpp">
      <Filter>Source Files</Filter>
    </ClCompile>
    <ClCompile Include="Main.cpp">
      <Filter>Source Files</Filter>
    </ClCompile>
  </ItemGroup>
</Project>