<?xml version="1.0" encoding="utf-8"?>
<Project ToolsVersion="4.0" xmlns="http://schemas.microsoft.com/developer/msbuild/2003">
  <ItemGroup>
    <ClInclude Include="..\..\RobotSplit\RobotSplit\XmlSaver.h">
      <Filter>RobotSplit files\Header</Filter>
    </ClInclude>
    <ClInclude Include="..\..\RobotSplit\RobotSplit\Animation.h">
      <Filter>RobotSplit files\Header</Filter>
    </ClInclude>
    <ClInclude Include="..\..\RobotSplit\RobotSplit\Background.h">
      <Filter>RobotSplit files\Header</Filter>
    </ClInclude>
    <ClInclude Include="..\..\RobotSplit\RobotSplit\BrainMagnet.h">
      <Filter>RobotSplit files\Header</Filter>
    </ClInclude>
    <ClInclude Include="..\..\RobotSplit\RobotSplit\Collision.h">
      <Filter>RobotSplit files\Header</Filter>
    </ClInclude>
    <ClInclude Include="..\..\RobotSplit\RobotSplit\FeetExtensions.h">
      <Filter>RobotSplit files\Header</Filter>
    </ClInclude>
    <ClInclude Include="..\..\RobotSplit\RobotSplit\FeetWall.h">
      <Filter>RobotSplit files\Header</Filter>
    </ClInclude>
    <ClInclude Include="..\..\RobotSplit\RobotSplit\GameObject.h">
      <Filter>RobotSplit files\Header</Filter>
    </ClInclude>
    <ClInclude Include="..\..\RobotSplit\RobotSplit\Level.h">
      <Filter>RobotSplit files\Header</Filter>
    </ClInclude>
    <ClInclude Include="..\..\RobotSplit\RobotSplit\LevelLoader.h">
      <Filter>RobotSplit files\Header</Filter>
    </ClInclude>
    <ClInclude Include="..\..\RobotSplit\RobotSplit\Line.h">
      <Filter>RobotSplit files\Header</Filter>
    </ClInclude>
    <ClInclude Include="..\..\RobotSplit\RobotSplit\Platform.h">
      <Filter>RobotSplit files\Header</Filter>
    </ClInclude>
    <ClInclude Include="..\..\RobotSplit\RobotSplit\Player.h">
      <Filter>RobotSplit files\Header</Filter>
    </ClInclude>
    <ClInclude Include="..\..\RobotSplit\RobotSplit\PlayerPart.h">
      <Filter>RobotSplit files\Header</Filter>
    </ClInclude>
    <ClInclude Include="..\..\RobotSplit\RobotSplit\PlayerPartBody.h">
      <Filter>RobotSplit files\Header</Filter>
    </ClInclude>
    <ClInclude Include="..\..\RobotSplit\RobotSplit\PlayerPartFeet.h">
      <Filter>RobotSplit files\Header</Filter>
    </ClInclude>
    <ClInclude Include="..\..\RobotSplit\RobotSplit\PlayerPartHead.h">
      <Filter>RobotSplit files\Header</Filter>
    </ClInclude>
    <ClInclude Include="..\..\RobotSplit\RobotSplit\TextureManager.h">
      <Filter>RobotSplit files\Header</Filter>
    </ClInclude>
    <ClInclude Include="..\..\RobotSplit\RobotSplit\Unit.h">
      <Filter>RobotSplit files\Header</Filter>
    </ClInclude>
    <ClInclude Include="..\..\RobotSplit\RobotSplit\UnitManager.h">
      <Filter>RobotSplit files\Header</Filter>
    </ClInclude>
    <ClInclude Include="..\..\RobotSplit\RobotSplit\UnitWrap.h">
      <Filter>RobotSplit files\Header</Filter>
    </ClInclude>
    <ClInclude Include="..\..\RobotSplit\RobotSplit\XmlLoader.h">
      <Filter>RobotSplit files\Header</Filter>
    </ClInclude>
    <ClInclude Include="TextField.h">
      <Filter>Header Files</Filter>
    </ClInclude>
    <ClInclude Include="LevelConstructor.h">
      <Filter>Header Files</Filter>
    </ClInclude>
    <ClInclude Include="EditorBar.h">
      <Filter>Header Files</Filter>
    </ClInclude>
    <ClInclude Include="ObjectLoader.h">
      <Filter>Header Files</Filter>
    </ClInclude>
    <ClInclude Include="..\..\RobotSplit\RobotSplit\DialogueBox.h">
      <Filter>RobotSplit files\Header</Filter>
    </ClInclude>
    <ClInclude Include="Toolbar.h">
      <Filter>Header Files</Filter>
    </ClInclude>
    <ClInclude Include="Editor.h">
      <Filter>Header Files</Filter>
    </ClInclude>
    <ClInclude Include="Container.h">
      <Filter>Header Files</Filter>
    </ClInclude>
    <ClInclude Include="..\..\RobotSplit\RobotSplit\RocketFuel.h">
      <Filter>RobotSplit files\Header</Filter>
    </ClInclude>
    <ClInclude Include="UIItem.h">
      <Filter>Header Files</Filter>
    </ClInclude>
  </ItemGroup>
  <ItemGroup>
    <Filter Include="Header Files">
      <UniqueIdentifier>{f97d1002-5223-4ba1-99f4-201e54f68e05}</UniqueIdentifier>
    </Filter>
    <Filter Include="Source Files">
      <UniqueIdentifier>{90ad63ee-8347-4a8e-86d5-a3473f9d345c}</UniqueIdentifier>
    </Filter>
    <Filter Include="RobotSplit files">
      <UniqueIdentifier>{a4bdf37a-13fd-4cbe-bf93-237cfd260714}</UniqueIdentifier>
    </Filter>
    <Filter Include="RobotSplit files\Source">
      <UniqueIdentifier>{954480ad-b7fc-4cb8-a6c2-d8abacd82935}</UniqueIdentifier>
    </Filter>
    <Filter Include="RobotSplit files\Header">
      <UniqueIdentifier>{f8b59a48-d382-4526-9aae-33b6ae4723e2}</UniqueIdentifier>
    </Filter>
  </ItemGroup>
  <ItemGroup>
    <ClCompile Include="..\..\RobotSplit\RobotSplit\XmlSaver.cpp">
      <Filter>RobotSplit files\Source</Filter>
    </ClCompile>
    <ClCompile Include="..\..\RobotSplit\RobotSplit\Animation.cpp">
      <Filter>RobotSplit files\Source</Filter>
    </ClCompile>
    <ClCompile Include="..\..\RobotSplit\RobotSplit\Background.cpp">
      <Filter>RobotSplit files\Source</Filter>
    </ClCompile>
    <ClCompile Include="..\..\RobotSplit\RobotSplit\BrainMagnet.cpp">
      <Filter>RobotSplit files\Source</Filter>
    </ClCompile>
    <ClCompile Include="..\..\RobotSplit\RobotSplit\Collision.cpp">
      <Filter>RobotSplit files\Source</Filter>
    </ClCompile>
    <ClCompile Include="..\..\RobotSplit\RobotSplit\FeetExtensions.cpp">
      <Filter>RobotSplit files\Source</Filter>
    </ClCompile>
    <ClCompile Include="..\..\RobotSplit\RobotSplit\FeetWall.cpp">
      <Filter>RobotSplit files\Source</Filter>
    </ClCompile>
    <ClCompile Include="..\..\RobotSplit\RobotSplit\Level.cpp">
      <Filter>RobotSplit files\Source</Filter>
    </ClCompile>
    <ClCompile Include="..\..\RobotSplit\RobotSplit\LevelLoader.cpp">
      <Filter>RobotSplit files\Source</Filter>
    </ClCompile>
    <ClCompile Include="..\..\RobotSplit\RobotSplit\Line.cpp">
      <Filter>RobotSplit files\Source</Filter>
    </ClCompile>
    <ClCompile Include="..\..\RobotSplit\RobotSplit\Platform.cpp">
      <Filter>RobotSplit files\Source</Filter>
    </ClCompile>
    <ClCompile Include="..\..\RobotSplit\RobotSplit\Player.cpp">
      <Filter>RobotSplit files\Source</Filter>
    </ClCompile>
    <ClCompile Include="..\..\RobotSplit\RobotSplit\PlayerPartBody.cpp">
      <Filter>RobotSplit files\Source</Filter>
    </ClCompile>
    <ClCompile Include="..\..\RobotSplit\RobotSplit\PlayerPartFeet.cpp">
      <Filter>RobotSplit files\Source</Filter>
    </ClCompile>
    <ClCompile Include="..\..\RobotSplit\RobotSplit\PlayerPartHead.cpp">
      <Filter>RobotSplit files\Source</Filter>
    </ClCompile>
    <ClCompile Include="..\..\RobotSplit\RobotSplit\TextureManager.cpp">
      <Filter>RobotSplit files\Source</Filter>
    </ClCompile>
    <ClCompile Include="..\..\RobotSplit\RobotSplit\Unit.cpp">
      <Filter>RobotSplit files\Source</Filter>
    </ClCompile>
    <ClCompile Include="..\..\RobotSplit\RobotSplit\UnitManager.cpp">
      <Filter>RobotSplit files\Source</Filter>
    </ClCompile>
    <ClCompile Include="..\..\RobotSplit\RobotSplit\UnitWrap.cpp">
      <Filter>RobotSplit files\Source</Filter>
    </ClCompile>
    <ClCompile Include="..\..\RobotSplit\RobotSplit\XmlLoader.cpp">
      <Filter>RobotSplit files\Source</Filter>
    </ClCompile>
    <ClCompile Include="TextField.cpp">
      <Filter>Source Files</Filter>
    </ClCompile>
    <ClCompile Include="LevelConstructor.cpp">
      <Filter>Source Files</Filter>
    </ClCompile>
    <ClCompile Include="Main.cpp">
      <Filter>Source Files</Filter>
    </ClCompile>
    <ClCompile Include="ObjectLoader.cpp">
      <Filter>Source Files</Filter>
    </ClCompile>
    <ClCompile Include="EditorBar.cpp">
      <Filter>Source Files</Filter>
    </ClCompile>
    <ClCompile Include="..\..\RobotSplit\RobotSplit\DialogueBox.cpp">
      <Filter>RobotSplit files\Source</Filter>
    </ClCompile>
    <ClCompile Include="Editor.cpp">
      <Filter>Source Files</Filter>
    </ClCompile>
    <ClCompile Include="Toolbar.cpp">
      <Filter>Source Files</Filter>
    </ClCompile>
    <ClCompile Include="..\..\RobotSplit\RobotSplit\RocketFuel.cpp">
      <Filter>RobotSplit files\Source</Filter>
    </ClCompile>
    <ClCompile Include="UIItem.cpp">
      <Filter>Source Files</Filter>
    </ClCompile>
  </ItemGroup>
</Project>