<?xml version="1.0" encoding="utf-8"?>
<Project ToolsVersion="4.0" xmlns="http://schemas.microsoft.com/developer/msbuild/2003">
  <ItemGroup>
    <ClCompile Include="Animation.cpp">
      <Filter>Source Files</Filter>
    </ClCompile>
    <ClCompile Include="Background.cpp">
      <Filter>Source Files</Filter>
    </ClCompile>
    <ClCompile Include="Collision.cpp">
      <Filter>Source Files</Filter>
    </ClCompile>
    <ClCompile Include="Main.cpp">
      <Filter>Source Files</Filter>
    </ClCompile>
    <ClCompile Include="TextureManager.cpp">
      <Filter>Source Files</Filter>
    </ClCompile>
    <ClCompile Include="Player.cpp">
      <Filter>Source Files\Player</Filter>
    </ClCompile>
    <ClCompile Include="PlayerPartBody.cpp">
      <Filter>Source Files\Player</Filter>
    </ClCompile>
    <ClCompile Include="PlayerPartFeet.cpp">
      <Filter>Source Files\Player</Filter>
    </ClCompile>
    <ClCompile Include="PlayerPartHead.cpp">
      <Filter>Source Files\Player</Filter>
    </ClCompile>
    <ClCompile Include="Level.cpp">
      <Filter>Source Files\Level</Filter>
    </ClCompile>
    <ClCompile Include="LevelLoader.cpp">
      <Filter>Source Files\Level</Filter>
    </ClCompile>
    <ClCompile Include="XmlSaver.cpp">
      <Filter>Source Files\Level</Filter>
    </ClCompile>
    <ClCompile Include="XmlLoader.cpp">
      <Filter>Source Files\Level</Filter>
    </ClCompile>
    <ClCompile Include="FeetExtensions.cpp">
      <Filter>Source Files\Player</Filter>
    </ClCompile>
    <ClCompile Include="FeetWall.cpp">
      <Filter>Source Files\Player</Filter>
    </ClCompile>
    <ClCompile Include="UnitWrap.cpp">
      <Filter>Source Files</Filter>
    </ClCompile>
    <ClCompile Include="BrainMagnet.cpp">
      <Filter>Source Files\Player</Filter>
    </ClCompile>
    <ClCompile Include="Line.cpp" />
    <ClCompile Include="UnitManager.cpp">
      <Filter>Source Files</Filter>
    </ClCompile>
    <ClCompile Include="StateInput.cpp">
      <Filter>Source Files\Menu</Filter>
    </ClCompile>
    <ClCompile Include="StateManager.cpp">
      <Filter>Source Files\Menu</Filter>
    </ClCompile>
    <ClCompile Include="State.cpp">
      <Filter>Source Files\Menu\State</Filter>
    </ClCompile>
    <ClCompile Include="Splash.cpp">
      <Filter>Source Files\Menu\State</Filter>
    </ClCompile>
    <ClCompile Include="Game.cpp">
      <Filter>Source Files\Menu\State</Filter>
    </ClCompile>
    <ClCompile Include="InGameMenu.cpp">
      <Filter>Source Files\Menu\State</Filter>
    </ClCompile>
    <ClCompile Include="Menu.cpp">
      <Filter>Source Files\Menu\State</Filter>
    </ClCompile>
    <ClCompile Include="Option.cpp">
      <Filter>Source Files\Menu\State</Filter>
    </ClCompile>
    <ClCompile Include="Window.cpp" />
    <ClCompile Include="RocketFuel.cpp">
      <Filter>Source Files\Player</Filter>
    </ClCompile>
    <ClCompile Include="PlayerLight.cpp">
      <Filter>Source Files\Player</Filter>
    </ClCompile>
    <ClCompile Include="Sound.cpp">
      <Filter>Source Files</Filter>
    </ClCompile>
    <ClCompile Include="Unit.cpp">
      <Filter>Source Files\Unit</Filter>
    </ClCompile>
    <ClCompile Include="Platform.cpp">
      <Filter>Source Files\Unit</Filter>
    </ClCompile>
    <ClCompile Include="Line.cpp">
      <Filter>Source Files\Unit</Filter>
    </ClCompile>
    <ClCompile Include="DialogueBox.cpp">
      <Filter>Source Files\Unit</Filter>
    </ClCompile>
    <ClCompile Include="Trigger.cpp">
      <Filter>Source Files\Unit</Filter>
    </ClCompile>
    <ClCompile Include="Laser.cpp">
      <Filter>Source Files\Unit</Filter>
    </ClCompile>
    <ClCompile Include="LaserHolder.cpp">
      <Filter>Source Files\Unit</Filter>
    </ClCompile>
    <ClCompile Include="Eric.cpp">
      <Filter>Source Files</Filter>
    </ClCompile>
    <ClCompile Include="Controls.cpp">
      <Filter>Source Files\Menu\State</Filter>
    </ClCompile>
    <ClCompile Include="Music.cpp">
      <Filter>Source Files</Filter>
    </ClCompile>
    <ClCompile Include="MenuClock.cpp">
      <Filter>Source Files\Menu</Filter>
    </ClCompile>
    <ClCompile Include="Audio.cpp">
      <Filter>Source Files\Menu\State</Filter>
    </ClCompile>
    <ClCompile Include="Courser.cpp">
      <Filter>Source Files\Player</Filter>
    </ClCompile>
    <ClCompile Include="Meanix.cpp">
      <Filter>Source Files\Unit</Filter>
    </ClCompile>
    <ClCompile Include="LaserDeactivator.cpp">
      <Filter>Source Files\Unit</Filter>
    </ClCompile>
    <ClCompile Include="Checkpoint.cpp" />
  </ItemGroup>
  <ItemGroup>
    <ClInclude Include="Animation.h">
      <Filter>Header Files</Filter>
    </ClInclude>
    <ClInclude Include="Background.h">
      <Filter>Header Files</Filter>
    </ClInclude>
    <ClInclude Include="Collision.h">
      <Filter>Header Files</Filter>
    </ClInclude>
    <ClInclude Include="PlayerPartHead.h">
      <Filter>Header Files\Player</Filter>
    </ClInclude>
    <ClInclude Include="PlayerPartFeet.h">
      <Filter>Header Files\Player</Filter>
    </ClInclude>
    <ClInclude Include="PlayerPartBody.h">
      <Filter>Header Files\Player</Filter>
    </ClInclude>
    <ClInclude Include="PlayerPart.h">
      <Filter>Header Files\Player</Filter>
    </ClInclude>
    <ClInclude Include="Player.h">
      <Filter>Header Files\Player</Filter>
    </ClInclude>
    <ClInclude Include="Level.h">
      <Filter>Header Files\Level</Filter>
    </ClInclude>
    <ClInclude Include="LevelLoader.h">
      <Filter>Header Files\Level</Filter>
    </ClInclude>
    <ClInclude Include="XmlLoader.h">
      <Filter>Header Files\Level</Filter>
    </ClInclude>
    <ClInclude Include="XmlSaver.h">
      <Filter>Header Files\Level</Filter>
    </ClInclude>
    <ClInclude Include="FeetExtensions.h">
      <Filter>Header Files\Player</Filter>
    </ClInclude>
    <ClInclude Include="FeetWall.h">
      <Filter>Header Files\Player</Filter>
    </ClInclude>
    <ClInclude Include="UnitWrap.h">
      <Filter>Header Files</Filter>
    </ClInclude>
    <ClInclude Include="BrainMagnet.h">
      <Filter>Header Files\Player</Filter>
    </ClInclude>
    <ClInclude Include="Line.h" />
    <ClInclude Include="UnitManager.h">
      <Filter>Header Files</Filter>
    </ClInclude>
    <ClInclude Include="StateInput.h">
      <Filter>Header Files\Menu</Filter>
    </ClInclude>
    <ClInclude Include="StateManager.h">
      <Filter>Header Files\Menu</Filter>
    </ClInclude>
    <ClInclude Include="Splash.h">
      <Filter>Header Files\Menu\State</Filter>
    </ClInclude>
    <ClInclude Include="State.h">
      <Filter>Header Files\Menu\State</Filter>
    </ClInclude>
    <ClInclude Include="Game.h">
      <Filter>Header Files\Menu\State</Filter>
    </ClInclude>
    <ClInclude Include="InGameMenu.h">
      <Filter>Header Files\Menu\State</Filter>
    </ClInclude>
    <ClInclude Include="Menu.h">
      <Filter>Header Files\Menu\State</Filter>
    </ClInclude>
    <ClInclude Include="Option.h">
      <Filter>Header Files\Menu\State</Filter>
    </ClInclude>
    <ClInclude Include="TextureManager.h">
      <Filter>Header Files</Filter>
    </ClInclude>
    <ClInclude Include="RocketFuel.h">
      <Filter>Header Files\Player</Filter>
    </ClInclude>
    <ClInclude Include="PlayerLight.h">
      <Filter>Header Files\Player</Filter>
    </ClInclude>
    <ClInclude Include="Sound.h">
      <Filter>Header Files</Filter>
    </ClInclude>
    <ClInclude Include="DialogueBox.h">
      <Filter>Header Files\Unit</Filter>
    </ClInclude>
    <ClInclude Include="GameObject.h">
      <Filter>Header Files\Unit</Filter>
    </ClInclude>
    <ClInclude Include="Line.h">
      <Filter>Header Files\Unit</Filter>
    </ClInclude>
    <ClInclude Include="Platform.h">
      <Filter>Header Files\Unit</Filter>
    </ClInclude>
    <ClInclude Include="Trigger.h">
      <Filter>Header Files\Unit</Filter>
    </ClInclude>
    <ClInclude Include="Unit.h">
      <Filter>Header Files\Unit</Filter>
    </ClInclude>
    <ClInclude Include="Laser.h">
      <Filter>Header Files\Unit</Filter>
    </ClInclude>
    <ClInclude Include="LaserHolder.h">
      <Filter>Header Files\Unit</Filter>
    </ClInclude>
    <ClInclude Include="Eric.h">
      <Filter>Header Files</Filter>
    </ClInclude>
    <ClInclude Include="MenuClock.h">
      <Filter>Header Files\Menu</Filter>
    </ClInclude>
    <ClInclude Include="Controls.h">
      <Filter>Header Files\Menu\State</Filter>
    </ClInclude>
    <ClInclude Include="Music.h">
      <Filter>Header Files</Filter>
    </ClInclude>
    <ClInclude Include="Audio.h">
      <Filter>Header Files\Menu\State</Filter>
    </ClInclude>
    <ClInclude Include="Courser.h">
      <Filter>Header Files\Player</Filter>
    </ClInclude>
    <ClInclude Include="Meanix.h">
      <Filter>Header Files\Unit</Filter>
    </ClInclude>
    <ClInclude Include="LaserDeactivator.h">
      <Filter>Header Files\Unit</Filter>
    </ClInclude>
    <ClInclude Include="Window.h" />
    <ClInclude Include="Checkpoint.h" />
  </ItemGroup>
  <ItemGroup>
    <Filter Include="Header Files">
      <UniqueIdentifier>{f97d1002-5223-4ba1-99f4-201e54f68e05}</UniqueIdentifier>
    </Filter>
    <Filter Include="Source Files">
      <UniqueIdentifier>{90ad63ee-8347-4a8e-86d5-a3473f9d345c}</UniqueIdentifier>
    </Filter>
    <Filter Include="Header Files\Player">
      <UniqueIdentifier>{9442b40b-df7a-48b8-bfdd-9731a8474773}</UniqueIdentifier>
    </Filter>
    <Filter Include="Header Files\Level">
      <UniqueIdentifier>{32cd2887-6b17-40b7-9630-957a7bdb7f19}</UniqueIdentifier>
    </Filter>
    <Filter Include="Source Files\Player">
      <UniqueIdentifier>{5843d2cc-7d80-44ef-aaf4-33746d11c082}</UniqueIdentifier>
    </Filter>
    <Filter Include="Source Files\Level">
      <UniqueIdentifier>{09b44343-de3f-4724-9c87-c45006356a94}</UniqueIdentifier>
    </Filter>
    <Filter Include="Header Files\Menu">
      <UniqueIdentifier>{5f3734d5-6c94-47a1-952e-19f5261ad762}</UniqueIdentifier>
    </Filter>
    <Filter Include="Source Files\Menu">
      <UniqueIdentifier>{cc79eaa1-c839-4f9c-906e-29a0b4fe3b8d}</UniqueIdentifier>
    </Filter>
    <Filter Include="Header Files\Menu\State">
      <UniqueIdentifier>{ca0c134a-c8d9-4526-8f21-708e5b892bb9}</UniqueIdentifier>
    </Filter>
    <Filter Include="Source Files\Menu\State">
      <UniqueIdentifier>{8c78ea07-2567-4c7b-8ab2-a93773b369a6}</UniqueIdentifier>
    </Filter>
    <Filter Include="Header Files\Banor">
      <UniqueIdentifier>{80266ddf-1c89-4549-a9ba-eeaef1b93cc6}</UniqueIdentifier>
    </Filter>
    <Filter Include="Header Files\Unit">
      <UniqueIdentifier>{be1953b2-ebaa-45d4-89b0-d14f75480061}</UniqueIdentifier>
    </Filter>
    <Filter Include="Source Files\Unit">
      <UniqueIdentifier>{a86e549b-17cb-463d-a615-d5de5464aab6}</UniqueIdentifier>
    </Filter>
  </ItemGroup>
  <ItemGroup>
    <None Include="Tutorial1.xml">
      <Filter>Header Files\Banor</Filter>
    </None>
    <None Include="Tutorial2.xml">
      <Filter>Header Files\Banor</Filter>
    </None>
    <None Include="Tutorial3.xml">
      <Filter>Header Files\Banor</Filter>
    </None>
    <None Include="Tutorial4.xml">
      <Filter>Header Files\Banor</Filter>
    </None>
    <None Include="Tutorial5.xml">
      <Filter>Header Files\Banor</Filter>
    </None>
    <None Include="Tutorial6.xml">
      <Filter>Header Files\Banor</Filter>
    </None>
    <None Include="Tutorial7.xml">
      <Filter>Header Files\Banor</Filter>
    </None>
    <None Include="Bana2.xml">
      <Filter>Header Files\Banor</Filter>
    </None>
    <None Include="Bana3.xml">
      <Filter>Header Files\Banor</Filter>
    </None>
    <None Include="Bana1.xml">
      <Filter>Header Files\Banor</Filter>
    </None>
  </ItemGroup>
</Project>