<?xml version="1.0" encoding="utf-8"?>
<Project ToolsVersion="4.0" xmlns="http://schemas.microsoft.com/developer/msbuild/2003">
  <ItemGroup>
    <ClCompile Include="Animation.cpp">
      <Filter>Source Files</Filter>
    </ClCompile>
    <ClCompile Include="Background.cpp">
      <Filter>Source Files</Filter>
    </ClCompile>
    <ClCompile Include="Collision.cpp">
      <Filter>Source Files</Filter>
    </ClCompile>
    <ClCompile Include="Main.cpp">
      <Filter>Source Files</Filter>
    </ClCompile>
    <ClCompile Include="Platform.cpp">
      <Filter>Source Files</Filter>
    </ClCompile>
    <ClCompile Include="TextureManager.cpp">
      <Filter>Source Files</Filter>
    </ClCompile>
    <ClCompile Include="Unit.cpp">
      <Filter>Source Files</Filter>
    </ClCompile>
    <ClCompile Include="Player.cpp">
      <Filter>Source Files\Player</Filter>
    </ClCompile>
    <ClCompile Include="PlayerPartBody.cpp">
      <Filter>Source Files\Player</Filter>
    </ClCompile>
    <ClCompile Include="PlayerPartFeet.cpp">
      <Filter>Source Files\Player</Filter>
    </ClCompile>
    <ClCompile Include="PlayerPartHead.cpp">
      <Filter>Source Files\Player</Filter>
    </ClCompile>
    <ClCompile Include="Level.cpp">
      <Filter>Source Files\Level</Filter>
    </ClCompile>
    <ClCompile Include="LevelLoader.cpp">
      <Filter>Source Files\Level</Filter>
    </ClCompile>
    <ClCompile Include="XmlSaver.cpp">
      <Filter>Source Files\Level</Filter>
    </ClCompile>
    <ClCompile Include="XmlLoader.cpp">
      <Filter>Source Files\Level</Filter>
    </ClCompile>
    <ClCompile Include="FeetExtensions.cpp">
      <Filter>Source Files\Player</Filter>
    </ClCompile>
    <ClCompile Include="FeetWall.cpp">
      <Filter>Source Files\Player</Filter>
    </ClCompile>
    <ClCompile Include="UnitWrap.cpp">
      <Filter>Source Files</Filter>
    </ClCompile>
    <ClCompile Include="BrainMagnet.cpp">
      <Filter>Source Files\Player</Filter>
    </ClCompile>
    <ClCompile Include="Line.cpp" />
  </ItemGroup>
  <ItemGroup>
    <ClInclude Include="Animation.h">
      <Filter>Header Files</Filter>
    </ClInclude>
    <ClInclude Include="Background.h">
      <Filter>Header Files</Filter>
    </ClInclude>
    <ClInclude Include="Collision.h">
      <Filter>Header Files</Filter>
    </ClInclude>
    <ClInclude Include="GameObject.h">
      <Filter>Header Files</Filter>
    </ClInclude>
    <ClInclude Include="Platform.h">
      <Filter>Header Files</Filter>
    </ClInclude>
    <ClInclude Include="TextureManager.h">
      <Filter>Header Files</Filter>
    </ClInclude>
    <ClInclude Include="Unit.h">
      <Filter>Header Files</Filter>
    </ClInclude>
    <ClInclude Include="PlayerPartHead.h">
      <Filter>Header Files\Player</Filter>
    </ClInclude>
    <ClInclude Include="PlayerPartFeet.h">
      <Filter>Header Files\Player</Filter>
    </ClInclude>
    <ClInclude Include="PlayerPartBody.h">
      <Filter>Header Files\Player</Filter>
    </ClInclude>
    <ClInclude Include="PlayerPart.h">
      <Filter>Header Files\Player</Filter>
    </ClInclude>
    <ClInclude Include="Player.h">
      <Filter>Header Files\Player</Filter>
    </ClInclude>
    <ClInclude Include="Level.h">
      <Filter>Header Files\Level</Filter>
    </ClInclude>
    <ClInclude Include="LevelLoader.h">
      <Filter>Header Files\Level</Filter>
    </ClInclude>
    <ClInclude Include="XmlLoader.h">
      <Filter>Header Files\Level</Filter>
    </ClInclude>
    <ClInclude Include="XmlSaver.h">
      <Filter>Header Files\Level</Filter>
    </ClInclude>
    <ClInclude Include="FeetExtensions.h">
      <Filter>Header Files\Player</Filter>
    </ClInclude>
    <ClInclude Include="FeetWall.h">
      <Filter>Header Files\Player</Filter>
    </ClInclude>
    <ClInclude Include="UnitWrap.h">
      <Filter>Header Files</Filter>
    </ClInclude>
    <ClInclude Include="BrainMagnet.h">
      <Filter>Header Files\Player</Filter>
    </ClInclude>
    <ClInclude Include="Line.h" />
  </ItemGroup>
  <ItemGroup>
    <Filter Include="Header Files">
      <UniqueIdentifier>{f97d1002-5223-4ba1-99f4-201e54f68e05}</UniqueIdentifier>
    </Filter>
    <Filter Include="Source Files">
      <UniqueIdentifier>{90ad63ee-8347-4a8e-86d5-a3473f9d345c}</UniqueIdentifier>
    </Filter>
    <Filter Include="Header Files\Player">
      <UniqueIdentifier>{9442b40b-df7a-48b8-bfdd-9731a8474773}</UniqueIdentifier>
    </Filter>
    <Filter Include="Header Files\Level">
      <UniqueIdentifier>{32cd2887-6b17-40b7-9630-957a7bdb7f19}</UniqueIdentifier>
    </Filter>
    <Filter Include="Source Files\Player">
      <UniqueIdentifier>{5843d2cc-7d80-44ef-aaf4-33746d11c082}</UniqueIdentifier>
    </Filter>
    <Filter Include="Source Files\Level">
      <UniqueIdentifier>{09b44343-de3f-4724-9c87-c45006356a94}</UniqueIdentifier>
    </Filter>
  </ItemGroup>
  <ItemGroup>
    <None Include="Test.xml">
      <Filter>Header Files</Filter>
    </None>
  </ItemGroup>
</Project>