<?xml version="1.0" encoding="utf-8"?>
<Project ToolsVersion="4.0" xmlns="http://schemas.microsoft.com/developer/msbuild/2003">
  <ItemGroup>
    <ClInclude Include="TextField.h">
      <Filter>Header Files</Filter>
    </ClInclude>
    <ClInclude Include="LevelConstructor.h">
      <Filter>Header Files</Filter>
    </ClInclude>
    <ClInclude Include="EditorBar.h">
      <Filter>Header Files</Filter>
    </ClInclude>
    <ClInclude Include="ObjectLoader.h">
      <Filter>Header Files</Filter>
    </ClInclude>
    <ClInclude Include="Toolbar.h">
      <Filter>Header Files</Filter>
    </ClInclude>
    <ClInclude Include="Editor.h">
      <Filter>Header Files</Filter>
    </ClInclude>
    <ClInclude Include="Container.h">
      <Filter>Header Files</Filter>
    </ClInclude>
    <ClInclude Include="UIItem.h">
      <Filter>Header Files</Filter>
    </ClInclude>
    <ClInclude Include="..\..\RobotSplit\RobotSplit\XmlSaver.h">
      <Filter>SPLITROBOT</Filter>
    </ClInclude>
    <ClInclude Include="..\..\RobotSplit\RobotSplit\Animation.h">
      <Filter>SPLITROBOT</Filter>
    </ClInclude>
    <ClInclude Include="..\..\RobotSplit\RobotSplit\Background.h">
      <Filter>SPLITROBOT</Filter>
    </ClInclude>
    <ClInclude Include="..\..\RobotSplit\RobotSplit\BrainMagnet.h">
      <Filter>SPLITROBOT</Filter>
    </ClInclude>
    <ClInclude Include="..\..\RobotSplit\RobotSplit\Collision.h">
      <Filter>SPLITROBOT</Filter>
    </ClInclude>
    <ClInclude Include="..\..\RobotSplit\RobotSplit\DialogueBox.h">
      <Filter>SPLITROBOT</Filter>
    </ClInclude>
    <ClInclude Include="..\..\RobotSplit\RobotSplit\FeetExtensions.h">
      <Filter>SPLITROBOT</Filter>
    </ClInclude>
    <ClInclude Include="..\..\RobotSplit\RobotSplit\FeetWall.h">
      <Filter>SPLITROBOT</Filter>
    </ClInclude>
    <ClInclude Include="..\..\RobotSplit\RobotSplit\GameObject.h">
      <Filter>SPLITROBOT</Filter>
    </ClInclude>
    <ClInclude Include="..\..\RobotSplit\RobotSplit\Level.h">
      <Filter>SPLITROBOT</Filter>
    </ClInclude>
    <ClInclude Include="..\..\RobotSplit\RobotSplit\LevelLoader.h">
      <Filter>SPLITROBOT</Filter>
    </ClInclude>
    <ClInclude Include="..\..\RobotSplit\RobotSplit\Line.h">
      <Filter>SPLITROBOT</Filter>
    </ClInclude>
    <ClInclude Include="..\..\RobotSplit\RobotSplit\Music.h">
      <Filter>SPLITROBOT</Filter>
    </ClInclude>
    <ClInclude Include="..\..\RobotSplit\RobotSplit\Platform.h">
      <Filter>SPLITROBOT</Filter>
    </ClInclude>
    <ClInclude Include="..\..\RobotSplit\RobotSplit\Player.h">
      <Filter>SPLITROBOT</Filter>
    </ClInclude>
    <ClInclude Include="..\..\RobotSplit\RobotSplit\PlayerLight.h">
      <Filter>SPLITROBOT</Filter>
    </ClInclude>
    <ClInclude Include="..\..\RobotSplit\RobotSplit\PlayerPart.h">
      <Filter>SPLITROBOT</Filter>
    </ClInclude>
    <ClInclude Include="..\..\RobotSplit\RobotSplit\PlayerPartBody.h">
      <Filter>SPLITROBOT</Filter>
    </ClInclude>
    <ClInclude Include="..\..\RobotSplit\RobotSplit\PlayerPartFeet.h">
      <Filter>SPLITROBOT</Filter>
    </ClInclude>
    <ClInclude Include="..\..\RobotSplit\RobotSplit\PlayerPartHead.h">
      <Filter>SPLITROBOT</Filter>
    </ClInclude>
    <ClInclude Include="..\..\RobotSplit\RobotSplit\RocketFuel.h">
      <Filter>SPLITROBOT</Filter>
    </ClInclude>
    <ClInclude Include="..\..\RobotSplit\RobotSplit\TextureManager.h">
      <Filter>SPLITROBOT</Filter>
    </ClInclude>
    <ClInclude Include="..\..\RobotSplit\RobotSplit\Trigger.h">
      <Filter>SPLITROBOT</Filter>
    </ClInclude>
    <ClInclude Include="..\..\RobotSplit\RobotSplit\Unit.h">
      <Filter>SPLITROBOT</Filter>
    </ClInclude>
    <ClInclude Include="..\..\RobotSplit\RobotSplit\UnitManager.h">
      <Filter>SPLITROBOT</Filter>
    </ClInclude>
    <ClInclude Include="..\..\RobotSplit\RobotSplit\UnitWrap.h">
      <Filter>SPLITROBOT</Filter>
    </ClInclude>
    <ClInclude Include="..\..\RobotSplit\RobotSplit\Window.h">
      <Filter>SPLITROBOT</Filter>
    </ClInclude>
    <ClInclude Include="..\..\RobotSplit\RobotSplit\XmlLoader.h">
      <Filter>SPLITROBOT</Filter>
    </ClInclude>
    <ClInclude Include="..\..\RobotSplit\RobotSplit\Sound.h">
      <Filter>SPLITROBOT</Filter>
    </ClInclude>
    <ClInclude Include="UIText.h">
      <Filter>Header Files</Filter>
    </ClInclude>
    <ClInclude Include="UIDrop.h">
      <Filter>Header Files</Filter>
    </ClInclude>
    <ClInclude Include="..\..\RobotSplit\RobotSplit\Eric.h">
      <Filter>SPLITROBOT</Filter>
    </ClInclude>
    <ClInclude Include="..\..\RobotSplit\RobotSplit\Game.h">
      <Filter>SPLITROBOT</Filter>
    </ClInclude>
    <ClInclude Include="..\..\RobotSplit\RobotSplit\InGameMenu.h">
      <Filter>SPLITROBOT</Filter>
    </ClInclude>
    <ClInclude Include="..\..\RobotSplit\RobotSplit\Laser.h">
      <Filter>SPLITROBOT</Filter>
    </ClInclude>
    <ClInclude Include="..\..\RobotSplit\RobotSplit\LaserHolder.h">
      <Filter>SPLITROBOT</Filter>
    </ClInclude>
    <ClInclude Include="..\..\RobotSplit\RobotSplit\Menu.h">
      <Filter>SPLITROBOT</Filter>
    </ClInclude>
    <ClInclude Include="..\..\RobotSplit\RobotSplit\Option.h">
      <Filter>SPLITROBOT</Filter>
    </ClInclude>
    <ClInclude Include="..\..\RobotSplit\RobotSplit\Splash.h">
      <Filter>SPLITROBOT</Filter>
    </ClInclude>
    <ClInclude Include="..\..\RobotSplit\RobotSplit\State.h">
      <Filter>SPLITROBOT</Filter>
    </ClInclude>
    <ClInclude Include="..\..\RobotSplit\RobotSplit\StateInput.h">
      <Filter>SPLITROBOT</Filter>
    </ClInclude>
    <ClInclude Include="..\..\RobotSplit\RobotSplit\StateManager.h">
      <Filter>SPLITROBOT</Filter>
    </ClInclude>
    <ClInclude Include="GameTimer.h">
      <Filter>Header Files</Filter>
    </ClInclude>
    <ClInclude Include="UIItemContainer.h">
      <Filter>Header Files</Filter>
    </ClInclude>
    <ClInclude Include="ObjectMenu.h">
      <Filter>Header Files</Filter>
    </ClInclude>
    <ClInclude Include="UnitIcon.h">
      <Filter>Header Files</Filter>
    </ClInclude>
  </ItemGroup>
  <ItemGroup>
    <Filter Include="Header Files">
      <UniqueIdentifier>{f97d1002-5223-4ba1-99f4-201e54f68e05}</UniqueIdentifier>
    </Filter>
    <Filter Include="Source Files">
      <UniqueIdentifier>{90ad63ee-8347-4a8e-86d5-a3473f9d345c}</UniqueIdentifier>
    </Filter>
    <Filter Include="SPLITROBOT">
      <UniqueIdentifier>{0b97cc9c-2fe1-4562-89ae-1aec8ec303da}</UniqueIdentifier>
    </Filter>
  </ItemGroup>
  <ItemGroup>
    <ClCompile Include="TextField.cpp">
      <Filter>Source Files</Filter>
    </ClCompile>
    <ClCompile Include="LevelConstructor.cpp">
      <Filter>Source Files</Filter>
    </ClCompile>
    <ClCompile Include="Main.cpp">
      <Filter>Source Files</Filter>
    </ClCompile>
    <ClCompile Include="ObjectLoader.cpp">
      <Filter>Source Files</Filter>
    </ClCompile>
    <ClCompile Include="EditorBar.cpp">
      <Filter>Source Files</Filter>
    </ClCompile>
    <ClCompile Include="Editor.cpp">
      <Filter>Source Files</Filter>
    </ClCompile>
    <ClCompile Include="Toolbar.cpp">
      <Filter>Source Files</Filter>
    </ClCompile>
    <ClCompile Include="UIItem.cpp">
      <Filter>Source Files</Filter>
    </ClCompile>
    <ClCompile Include="..\..\RobotSplit\RobotSplit\Animation.cpp">
      <Filter>SPLITROBOT</Filter>
    </ClCompile>
    <ClCompile Include="..\..\RobotSplit\RobotSplit\Background.cpp">
      <Filter>SPLITROBOT</Filter>
    </ClCompile>
    <ClCompile Include="..\..\RobotSplit\RobotSplit\BrainMagnet.cpp">
      <Filter>SPLITROBOT</Filter>
    </ClCompile>
    <ClCompile Include="..\..\RobotSplit\RobotSplit\Collision.cpp">
      <Filter>SPLITROBOT</Filter>
    </ClCompile>
    <ClCompile Include="..\..\RobotSplit\RobotSplit\DialogueBox.cpp">
      <Filter>SPLITROBOT</Filter>
    </ClCompile>
    <ClCompile Include="..\..\RobotSplit\RobotSplit\FeetExtensions.cpp">
      <Filter>SPLITROBOT</Filter>
    </ClCompile>
    <ClCompile Include="..\..\RobotSplit\RobotSplit\FeetWall.cpp">
      <Filter>SPLITROBOT</Filter>
    </ClCompile>
    <ClCompile Include="..\..\RobotSplit\RobotSplit\Level.cpp">
      <Filter>SPLITROBOT</Filter>
    </ClCompile>
    <ClCompile Include="..\..\RobotSplit\RobotSplit\LevelLoader.cpp">
      <Filter>SPLITROBOT</Filter>
    </ClCompile>
    <ClCompile Include="..\..\RobotSplit\RobotSplit\Line.cpp">
      <Filter>SPLITROBOT</Filter>
    </ClCompile>
    <ClCompile Include="..\..\RobotSplit\RobotSplit\Music.cpp">
      <Filter>SPLITROBOT</Filter>
    </ClCompile>
    <ClCompile Include="..\..\RobotSplit\RobotSplit\Platform.cpp">
      <Filter>SPLITROBOT</Filter>
    </ClCompile>
    <ClCompile Include="..\..\RobotSplit\RobotSplit\Player.cpp">
      <Filter>SPLITROBOT</Filter>
    </ClCompile>
    <ClCompile Include="..\..\RobotSplit\RobotSplit\PlayerLight.cpp">
      <Filter>SPLITROBOT</Filter>
    </ClCompile>
    <ClCompile Include="..\..\RobotSplit\RobotSplit\PlayerPartBody.cpp">
      <Filter>SPLITROBOT</Filter>
    </ClCompile>
    <ClCompile Include="..\..\RobotSplit\RobotSplit\PlayerPartFeet.cpp">
      <Filter>SPLITROBOT</Filter>
    </ClCompile>
    <ClCompile Include="..\..\RobotSplit\RobotSplit\PlayerPartHead.cpp">
      <Filter>SPLITROBOT</Filter>
    </ClCompile>
    <ClCompile Include="..\..\RobotSplit\RobotSplit\RocketFuel.cpp">
      <Filter>SPLITROBOT</Filter>
    </ClCompile>
    <ClCompile Include="..\..\RobotSplit\RobotSplit\TextureManager.cpp">
      <Filter>SPLITROBOT</Filter>
    </ClCompile>
    <ClCompile Include="..\..\RobotSplit\RobotSplit\Trigger.cpp">
      <Filter>SPLITROBOT</Filter>
    </ClCompile>
    <ClCompile Include="..\..\RobotSplit\RobotSplit\Unit.cpp">
      <Filter>SPLITROBOT</Filter>
    </ClCompile>
    <ClCompile Include="..\..\RobotSplit\RobotSplit\UnitManager.cpp">
      <Filter>SPLITROBOT</Filter>
    </ClCompile>
    <ClCompile Include="..\..\RobotSplit\RobotSplit\UnitWrap.cpp">
      <Filter>SPLITROBOT</Filter>
    </ClCompile>
    <ClCompile Include="..\..\RobotSplit\RobotSplit\Window.cpp">
      <Filter>SPLITROBOT</Filter>
    </ClCompile>
    <ClCompile Include="..\..\RobotSplit\RobotSplit\XmlLoader.cpp">
      <Filter>SPLITROBOT</Filter>
    </ClCompile>
    <ClCompile Include="..\..\RobotSplit\RobotSplit\XmlSaver.cpp">
      <Filter>SPLITROBOT</Filter>
    </ClCompile>
    <ClCompile Include="..\..\RobotSplit\RobotSplit\Sound.cpp">
      <Filter>SPLITROBOT</Filter>
    </ClCompile>
    <ClCompile Include="UIText.cpp">
      <Filter>Source Files</Filter>
    </ClCompile>
    <ClCompile Include="..\..\RobotSplit\RobotSplit\Eric.cpp">
      <Filter>SPLITROBOT</Filter>
    </ClCompile>
    <ClCompile Include="..\..\RobotSplit\RobotSplit\Game.cpp">
      <Filter>SPLITROBOT</Filter>
    </ClCompile>
    <ClCompile Include="..\..\RobotSplit\RobotSplit\InGameMenu.cpp">
      <Filter>SPLITROBOT</Filter>
    </ClCompile>
    <ClCompile Include="..\..\RobotSplit\RobotSplit\Laser.cpp">
      <Filter>SPLITROBOT</Filter>
    </ClCompile>
    <ClCompile Include="..\..\RobotSplit\RobotSplit\LaserHolder.cpp">
      <Filter>SPLITROBOT</Filter>
    </ClCompile>
    <ClCompile Include="..\..\RobotSplit\RobotSplit\Menu.cpp">
      <Filter>SPLITROBOT</Filter>
    </ClCompile>
    <ClCompile Include="..\..\RobotSplit\RobotSplit\Option.cpp">
      <Filter>SPLITROBOT</Filter>
    </ClCompile>
    <ClCompile Include="..\..\RobotSplit\RobotSplit\Splash.cpp">
      <Filter>SPLITROBOT</Filter>
    </ClCompile>
    <ClCompile Include="..\..\RobotSplit\RobotSplit\State.cpp">
      <Filter>SPLITROBOT</Filter>
    </ClCompile>
    <ClCompile Include="..\..\RobotSplit\RobotSplit\StateInput.cpp">
      <Filter>SPLITROBOT</Filter>
    </ClCompile>
    <ClCompile Include="..\..\RobotSplit\RobotSplit\StateManager.cpp">
      <Filter>SPLITROBOT</Filter>
    </ClCompile>
    <ClCompile Include="GameTimer.cpp">
      <Filter>Source Files</Filter>
    </ClCompile>
    <ClCompile Include="UIItemContainer.cpp">
      <Filter>Source Files</Filter>
    </ClCompile>
    <ClCompile Include="UnitIcon.cpp">
      <Filter>Source Files</Filter>
    </ClCompile>
    <ClCompile Include="ObjectMenu.cpp">
      <Filter>Source Files</Filter>
    </ClCompile>
  </ItemGroup>
</Project>