
Microsoft Visual Studio Solution File, Format Version 11.00
# Visual C++ Express 2010
Project("{8BC9CEB8-8B4A-11D0-8D11-00A0C91BC942}") = "RobotSplitEditor", "RobotSpliteditor\RobotSplitEditor.vcxproj", "{30D2A94B-EB26-488B-A2AE-A019E1B653DB}"
EndProject
Global
	GlobalSection(SolutionConfigurationPlatforms) = preSolution
		Debug|Win32 = Debug|Win32
		Release|Win32 = Release|Win32
	EndGlobalSection
	GlobalSection(ProjectConfigurationPlatforms) = postSolution
		{30D2A94B-EB26-488B-A2AE-A019E1B653DB}.Debug|Win32.ActiveCfg = Debug|Win32
		{30D2A94B-EB26-488B-A2AE-A019E1B653DB}.Debug|Win32.Build.0 = Debug|Win32
		{30D2A94B-EB26-488B-A2AE-A019E1B653DB}.Release|Win32.ActiveCfg = Release|Win32
		{30D2A94B-EB26-488B-A2AE-A019E1B653DB}.Release|Win32.Build.0 = Release|Win32
	EndGlobalSection
	GlobalSection(SolutionProperties) = preSolution
		HideSolutionNode = FALSE
	EndGlobalSection
EndGlobal
